// !$*UTF8*$!
{
	archiveVersion = 1;
	classes = {
	};
	objectVersion = 46;
	objects = {

/* Begin PBXBuildFile section */
		898829941BBDF46200FB8BD4 /* AppDelegate.swift in Sources */ = {isa = PBXBuildFile; fileRef = 898829931BBDF46200FB8BD4 /* AppDelegate.swift */; };
		898829961BBDF46200FB8BD4 /* ViewController.swift in Sources */ = {isa = PBXBuildFile; fileRef = 898829951BBDF46200FB8BD4 /* ViewController.swift */; };
		898829991BBDF46200FB8BD4 /* Main.storyboard in Resources */ = {isa = PBXBuildFile; fileRef = 898829971BBDF46200FB8BD4 /* Main.storyboard */; };
		8988299B1BBDF46200FB8BD4 /* Assets.xcassets in Resources */ = {isa = PBXBuildFile; fileRef = 8988299A1BBDF46200FB8BD4 /* Assets.xcassets */; };
		8988299E1BBDF46200FB8BD4 /* LaunchScreen.storyboard in Resources */ = {isa = PBXBuildFile; fileRef = 8988299C1BBDF46200FB8BD4 /* LaunchScreen.storyboard */; };
/* End PBXBuildFile section */

/* Begin PBXFileReference section */
		898829901BBDF46200FB8BD4 /* canvas.app */ = {isa = PBXFileReference; explicitFileType = wrapper.application; includeInIndex = 0; path = canvas.app; sourceTree = BUILT_PRODUCTS_DIR; };
		898829931BBDF46200FB8BD4 /* AppDelegate.swift */ = {isa = PBXFileReference; lastKnownFileType = sourcecode.swift; path = AppDelegate.swift; sourceTree = "<group>"; };
		898829951BBDF46200FB8BD4 /* ViewController.swift */ = {isa = PBXFileReference; lastKnownFileType = sourcecode.swift; path = ViewController.swift; sourceTree = "<group>"; };
		898829981BBDF46200FB8BD4 /* Base */ = {isa = PBXFileReference; lastKnownFileType = file.storyboard; name = Base; path = Base.lproj/Main.storyboard; sourceTree = "<group>"; };
		8988299A1BBDF46200FB8BD4 /* Assets.xcassets */ = {isa = PBXFileReference; lastKnownFileType = folder.assetcatalog; path = Assets.xcassets; sourceTree = "<group>"; };
		8988299D1BBDF46200FB8BD4 /* Base */ = {isa = PBXFileReference; lastKnownFileType = file.storyboard; name = Base; path = Base.lproj/LaunchScreen.storyboard; sourceTree = "<group>"; };
		8988299F1BBDF46200FB8BD4 /* Info.plist */ = {isa = PBXFileReference; lastKnownFileType = text.plist.xml; path = Info.plist; sourceTree = "<group>"; };
/* End PBXFileReference section */

/* Begin PBXFrameworksBuildPhase section */
		8988298D1BBDF46200FB8BD4 /* Frameworks */ = {
			isa = PBXFrameworksBuildPhase;
			buildActionMask = 2147483647;
			files = (
			);
			runOnlyForDeploymentPostprocessing = 0;
		};
/* End PBXFrameworksBuildPhase section */

/* Begin PBXGroup section */
		898829871BBDF46200FB8BD4 = {
			isa = PBXGroup;
			children = (
				898829921BBDF46200FB8BD4 /* canvas */,
				898829911BBDF46200FB8BD4 /* Products */,
			);
			sourceTree = "<group>";
		};
		898829911BBDF46200FB8BD4 /* Products */ = {
			isa = PBXGroup;
			children = (
				898829901BBDF46200FB8BD4 /* canvas.app */,
			);
			name = Products;
			sourceTree = "<group>";
		};
		898829921BBDF46200FB8BD4 /* canvas */ = {
			isa = PBXGroup;
			children = (
				898829931BBDF46200FB8BD4 /* AppDelegate.swift */,
				898829951BBDF46200FB8BD4 /* ViewController.swift */,
				898829971BBDF46200FB8BD4 /* Main.storyboard */,
				8988299A1BBDF46200FB8BD4 /* Assets.xcassets */,
				8988299C1BBDF46200FB8BD4 /* LaunchScreen.storyboard */,
				8988299F1BBDF46200FB8BD4 /* Info.plist */,
			);
			path = canvas;
			sourceTree = "<group>";
		};
/* End PBXGroup section */

/* Begin PBXNativeTarget section */
		8988298F1BBDF46200FB8BD4 /* canvas */ = {
			isa = PBXNativeTarget;
			buildConfigurationList = 898829A21BBDF46200FB8BD4 /* Build configuration list for PBXNativeTarget "canvas" */;
			buildPhases = (
				8988298C1BBDF46200FB8BD4 /* Sources */,
				8988298D1BBDF46200FB8BD4 /* Frameworks */,
				8988298E1BBDF46200FB8BD4 /* Resources */,
			);
			buildRules = (
			);
			dependencies = (
			);
			name = canvas;
			productName = canvas;
			productReference = 898829901BBDF46200FB8BD4 /* canvas.app */;
			productType = "com.apple.product-type.application";
		};
/* End PBXNativeTarget section */

/* Begin PBXProject section */
		898829881BBDF46200FB8BD4 /* Project object */ = {
			isa = PBXProject;
			attributes = {
				LastUpgradeCheck = 0700;
				ORGANIZATIONNAME = "Chintan Rita";
				TargetAttributes = {
					8988298F1BBDF46200FB8BD4 = {
						CreatedOnToolsVersion = 7.0;
						DevelopmentTeam = 4PKCZUBLSY;
					};
				};
			};
			buildConfigurationList = 8988298B1BBDF46200FB8BD4 /* Build configuration list for PBXProject "canvas" */;
			compatibilityVersion = "Xcode 3.2";
			developmentRegion = English;
			hasScannedForEncodings = 0;
			knownRegions = (
				en,
				Base,
			);
			mainGroup = 898829871BBDF46200FB8BD4;
			productRefGroup = 898829911BBDF46200FB8BD4 /* Products */;
			projectDirPath = "";
			projectRoot = "";
			targets = (
				8988298F1BBDF46200FB8BD4 /* canvas */,
			);
		};
/* End PBXProject section */

/* Begin PBXResourcesBuildPhase section */
		8988298E1BBDF46200FB8BD4 /* Resources */ = {
			isa = PBXResourcesBuildPhase;
			buildActionMask = 2147483647;
			files = (
				8988299E1BBDF46200FB8BD4 /* LaunchScreen.storyboard in Resources */,
				8988299B1BBDF46200FB8BD4 /* Assets.xcassets in Resources */,
				898829991BBDF46200FB8BD4 /* Main.storyboard in Resources */,
			);
			runOnlyForDeploymentPostprocessing = 0;
		};
/* End PBXResourcesBuildPhase section */

/* Begin PBXSourcesBuildPhase section */
		8988298C1BBDF46200FB8BD4 /* Sources */ = {
			isa = PBXSourcesBuildPhase;
			buildActionMask = 2147483647;
			files = (
				898829961BBDF46200FB8BD4 /* ViewController.swift in Sources */,
				898829941BBDF46200FB8BD4 /* AppDelegate.swift in Sources */,
			);
			runOnlyForDeploymentPostprocessing = 0;
		};
/* End PBXSourcesBuildPhase section */

/* Begin PBXVariantGroup section */
		898829971BBDF46200FB8BD4 /* Main.storyboard */ = {
			isa = PBXVariantGroup;
			children = (
				898829981BBDF46200FB8BD4 /* Base */,
			);
			name = Main.storyboard;
			sourceTree = "<group>";
		};
		8988299C1BBDF46200FB8BD4 /* LaunchScreen.storyboard */ = {
			isa = PBXVariantGroup;
			children = (
				8988299D1BBDF46200FB8BD4 /* Base */,
			);
			name = LaunchScreen.storyboard;
			sourceTree = "<group>";
		};
/* End PBXVariantGroup section */

/* Begin XCBuildConfiguration section */
		898829A01BBDF46200FB8BD4 /* Debug */ = {
			isa = XCBuildConfiguration;
			buildSettings = {
				ALWAYS_SEARCH_USER_PATHS = NO;
				CLANG_CXX_LANGUAGE_STANDARD = "gnu++0x";
				CLANG_CXX_LIBRARY = "libc++";
				CLANG_ENABLE_MODULES = YES;
				CLANG_ENABLE_OBJC_ARC = YES;
				CLANG_WARN_BOOL_CONVERSION = YES;
				CLANG_WARN_CONSTANT_CONVERSION = YES;
				CLANG_WARN_DIRECT_OBJC_ISA_USAGE = YES_ERROR;
				CLANG_WARN_EMPTY_BODY = YES;
				CLANG_WARN_ENUM_CONVERSION = YES;
				CLANG_WARN_INT_CONVERSION = YES;
				CLANG_WARN_OBJC_ROOT_CLASS = YES_ERROR;
				CLANG_WARN_UNREACHABLE_CODE = YES;
				CLANG_WARN__DUPLICATE_METHOD_MATCH = YES;
				"CODE_SIGN_IDENTITY[sdk=iphoneos*]" = "iPhone Developer";
				COPY_PHASE_STRIP = NO;
				DEBUG_INFORMATION_FORMAT = dwarf;
				ENABLE_STRICT_OBJC_MSGSEND = YES;
				ENABLE_TESTABILITY = YES;
				GCC_C_LANGUAGE_STANDARD = gnu99;
				GCC_DYNAMIC_NO_PIC = NO;
				GCC_NO_COMMON_BLOCKS = YES;
				GCC_OPTIMIZATION_LEVEL = 0;
				GCC_PREPROCESSOR_DEFINITIONS = (
					"DEBUG=1",
					"$(inherited)",
				);
				GCC_WARN_64_TO_32_BIT_CONVERSION = YES;
				GCC_WARN_ABOUT_RETURN_TYPE = YES_ERROR;
				GCC_WARN_UNDECLARED_SELECTOR = YES;
				GCC_WARN_UNINITIALIZED_AUTOS = YES_AGGRESSIVE;
				GCC_WARN_UNUSED_FUNCTION = YES;
				GCC_WARN_UNUSED_VARIABLE = YES;
				IPHONEOS_DEPLOYMENT_TARGET = 9.0;
				MTL_ENABLE_DEBUG_INFO = YES;
				ONLY_ACTIVE_ARCH = YES;
				SDKROOT = iphoneos;
				SWIFT_OPTIMIZATION_LEVEL = "-Onone";
			};
			name = Debug;
		};
		898829A11BBDF46200FB8BD4 /* Release */ = {
			isa = XCBuildConfiguration;
			buildSettings = {
				ALWAYS_SEARCH_USER_PATHS = NO;
				CLANG_CXX_LANGUAGE_STANDARD = "gnu++0x";
				CLANG_CXX_LIBRARY = "libc++";
				CLANG_ENABLE_MODULES = YES;
				CLANG_ENABLE_OBJC_ARC = YES;
				CLANG_WARN_BOOL_CONVERSION = YES;
				CLANG_WARN_CONSTANT_CONVERSION = YES;
				CLANG_WARN_DIRECT_OBJC_ISA_USAGE = YES_ERROR;
				CLANG_WARN_EMPTY_BODY = YES;
				CLANG_WARN_ENUM_CONVERSION = YES;
				CLANG_WARN_INT_CONVERSION = YES;
				CLANG_WARN_OBJC_ROOT_CLASS = YES_ERROR;
				CLANG_WARN_UNREACHABLE_CODE = YES;
				CLANG_WARN__DUPLICATE_METHOD_MATCH = YES;
				"CODE_SIGN_IDENTITY[sdk=iphoneos*]" = "iPhone Developer";
				COPY_PHASE_STRIP = NO;
				DEBUG_INFORMATION_FORMAT = "dwarf-with-dsym";
				ENABLE_NS_ASSERTIONS = NO;
				ENABLE_STRICT_OBJC_MSGSEND = YES;
				GCC_C_LANGUAGE_STANDARD = gnu99;
				GCC_NO_COMMON_BLOCKS = YES;
				GCC_WARN_64_TO_32_BIT_CONVERSION = YES;
				GCC_WARN_ABOUT_RETURN_TYPE = YES_ERROR;
				GCC_WARN_UNDECLARED_SELECTOR = YES;
				GCC_WARN_UNINITIALIZED_AUTOS = YES_AGGRESSIVE;
				GCC_WARN_UNUSED_FUNCTION = YES;
				GCC_WARN_UNUSED_VARIABLE = YES;
				IPHONEOS_DEPLOYMENT_TARGET = 9.0;
				MTL_ENABLE_DEBUG_INFO = NO;
				SDKROOT = iphoneos;
				VALIDATE_PRODUCT = YES;
			};
			name = Release;
		};
		898829A31BBDF46200FB8BD4 /* Debug */ = {
			isa = XCBuildConfiguration;
			buildSettings = {
				ASSETCATALOG_COMPILER_APPICON_NAME = AppIcon;
				INFOPLIST_FILE = canvas/Info.plist;
				LD_RUNPATH_SEARCH_PATHS = "$(inherited) @executable_path/Frameworks";
				PRODUCT_BUNDLE_IDENTIFIER = crita.canvas;
				PRODUCT_NAME = "$(TARGET_NAME)";
			};
			name = Debug;
		};
		898829A41BBDF46200FB8BD4 /* Release */ = {
			isa = XCBuildConfiguration;
			buildSettings = {
				ASSETCATALOG_COMPILER_APPICON_NAME = AppIcon;
				INFOPLIST_FILE = canvas/Info.plist;
				LD_RUNPATH_SEARCH_PATHS = "$(inherited) @executable_path/Frameworks";
				PRODUCT_BUNDLE_IDENTIFIER = crita.canvas;
				PRODUCT_NAME = "$(TARGET_NAME)";
			};
			name = Release;
		};
/* End XCBuildConfiguration section */

/* Begin XCConfigurationList section */
		8988298B1BBDF46200FB8BD4 /* Build configuration list for PBXProject "canvas" */ = {
			isa = XCConfigurationList;
			buildConfigurations = (
				898829A01BBDF46200FB8BD4 /* Debug */,
				898829A11BBDF46200FB8BD4 /* Release */,
			);
			defaultConfigurationIsVisible = 0;
			defaultConfigurationName = Release;
		};
		898829A21BBDF46200FB8BD4 /* Build configuration list for PBXNativeTarget "canvas" */ = {
			isa = XCConfigurationList;
			buildConfigurations = (
				898829A31BBDF46200FB8BD4 /* Debug */,
				898829A41BBDF46200FB8BD4 /* Release */,
			);
			defaultConfigurationIsVisible = 0;
		};
/* End XCConfigurationList section */
	};
	rootObject = 898829881BBDF46200FB8BD4 /* Project object */;
}
